
Microsoft Visual Studio Solution File, Format Version 12.00
# Visual Studio Version 17
VisualStudioVersion = 17.7.34009.444
MinimumVisualStudioVersion = 10.0.40219.1
Project("{9A19103F-16F7-4668-BE54-9A1E7A4F7556}") = "HomeCalendar", "HomeCalendar\HomeCalendar.csproj", "{F4EC8856-0CF3-4A7D-A670-CE80F68E1595}"
EndProject
Project("{9A19103F-16F7-4668-BE54-9A1E7A4F7556}") = "HomeCalendarGUI", "HomeCalendarGUI\HomeCalendarGUI.csproj", "{4C889312-B1EF-4DD2-92C9-F9912F431045}"
EndProject
Project("{FAE04EC0-301F-11D3-BF4B-00C04F79EFBC}") = "MVP_Tests", "MVP_Tests\MVP_Tests.csproj", "{0060D0C2-579A-411D-B630-8E72F9FF62E5}"
EndProject
Global
	GlobalSection(SolutionConfigurationPlatforms) = preSolution
		Debug|Any CPU = Debug|Any CPU
		Release|Any CPU = Release|Any CPU
	EndGlobalSection
	GlobalSection(ProjectConfigurationPlatforms) = postSolution
		{F4EC8856-0CF3-4A7D-A670-CE80F68E1595}.Debug|Any CPU.ActiveCfg = Debug|Any CPU
		{F4EC8856-0CF3-4A7D-A670-CE80F68E1595}.Debug|Any CPU.Build.0 = Debug|Any CPU
		{F4EC8856-0CF3-4A7D-A670-CE80F68E1595}.Release|Any CPU.ActiveCfg = Release|Any CPU
		{F4EC8856-0CF3-4A7D-A670-CE80F68E1595}.Release|Any CPU.Build.0 = Release|Any CPU
		{4C889312-B1EF-4DD2-92C9-F9912F431045}.Debug|Any CPU.ActiveCfg = Debug|Any CPU
		{4C889312-B1EF-4DD2-92C9-F9912F431045}.Debug|Any CPU.Build.0 = Debug|Any CPU
		{4C889312-B1EF-4DD2-92C9-F9912F431045}.Release|Any CPU.ActiveCfg = Release|Any CPU
		{4C889312-B1EF-4DD2-92C9-F9912F431045}.Release|Any CPU.Build.0 = Release|Any CPU
		{0060D0C2-579A-411D-B630-8E72F9FF62E5}.Debug|Any CPU.ActiveCfg = Debug|Any CPU
		{0060D0C2-579A-411D-B630-8E72F9FF62E5}.Debug|Any CPU.Build.0 = Debug|Any CPU
		{0060D0C2-579A-411D-B630-8E72F9FF62E5}.Release|Any CPU.ActiveCfg = Release|Any CPU
		{0060D0C2-579A-411D-B630-8E72F9FF62E5}.Release|Any CPU.Build.0 = Release|Any CPU
	EndGlobalSection
	GlobalSection(SolutionProperties) = preSolution
		HideSolutionNode = FALSE
	EndGlobalSection
	GlobalSection(ExtensibilityGlobals) = postSolution
		SolutionGuid = {72033EFB-F554-43A1-8277-E87AC842D75F}
	EndGlobalSection
EndGlobal
